
Microsoft Visual Studio Solution File, Format Version 12.00
# Visual Studio Version 16
VisualStudioVersion = 16.0.32228.343
MinimumVisualStudioVersion = 10.0.40219.1
Project("{9A19103F-16F7-4668-BE54-9A1E7A4F7556}") = "SimulacaoEmprestimo", "SimulacaoEmprestimo\SimulacaoEmprestimo.csproj", "{7CE4E60B-EFA8-46D6-9B43-8133BECE2B80}"
EndProject
Project("{FAE04EC0-301F-11D3-BF4B-00C04F79EFBC}") = "Simulacao.Domain", "Simulacao.Domain\Simulacao.Domain.csproj", "{11AE52D4-0DBF-45B3-B41C-13945BD1A0A4}"
EndProject
Project("{FAE04EC0-301F-11D3-BF4B-00C04F79EFBC}") = "Simulacao.Data", "Simulacao.Data\Simulacao.Data.csproj", "{77326A23-1B33-4C1F-8AF7-C7AE153FBA6F}"
EndProject
Global
	GlobalSection(SolutionConfigurationPlatforms) = preSolution
		Debug|Any CPU = Debug|Any CPU
		Release|Any CPU = Release|Any CPU
	EndGlobalSection
	GlobalSection(ProjectConfigurationPlatforms) = postSolution
		{7CE4E60B-EFA8-46D6-9B43-8133BECE2B80}.Debug|Any CPU.ActiveCfg = Debug|Any CPU
		{7CE4E60B-EFA8-46D6-9B43-8133BECE2B80}.Debug|Any CPU.Build.0 = Debug|Any CPU
		{7CE4E60B-EFA8-46D6-9B43-8133BECE2B80}.Release|Any CPU.ActiveCfg = Release|Any CPU
		{7CE4E60B-EFA8-46D6-9B43-8133BECE2B80}.Release|Any CPU.Build.0 = Release|Any CPU
		{11AE52D4-0DBF-45B3-B41C-13945BD1A0A4}.Debug|Any CPU.ActiveCfg = Debug|Any CPU
		{11AE52D4-0DBF-45B3-B41C-13945BD1A0A4}.Debug|Any CPU.Build.0 = Debug|Any CPU
		{11AE52D4-0DBF-45B3-B41C-13945BD1A0A4}.Release|Any CPU.ActiveCfg = Release|Any CPU
		{11AE52D4-0DBF-45B3-B41C-13945BD1A0A4}.Release|Any CPU.Build.0 = Release|Any CPU
		{77326A23-1B33-4C1F-8AF7-C7AE153FBA6F}.Debug|Any CPU.ActiveCfg = Debug|Any CPU
		{77326A23-1B33-4C1F-8AF7-C7AE153FBA6F}.Debug|Any CPU.Build.0 = Debug|Any CPU
		{77326A23-1B33-4C1F-8AF7-C7AE153FBA6F}.Release|Any CPU.ActiveCfg = Release|Any CPU
		{77326A23-1B33-4C1F-8AF7-C7AE153FBA6F}.Release|Any CPU.Build.0 = Release|Any CPU
	EndGlobalSection
	GlobalSection(SolutionProperties) = preSolution
		HideSolutionNode = FALSE
	EndGlobalSection
	GlobalSection(ExtensibilityGlobals) = postSolution
		SolutionGuid = {BEC42F54-CBDA-46E4-ADC3-8EE08DA3BCE1}
	EndGlobalSection
EndGlobal
